
Microsoft Visual Studio Solution File, Format Version 12.00
# Visual Studio Version 17
VisualStudioVersion = 17.3.32825.248
MinimumVisualStudioVersion = 10.0.40219.1
Project("{FAE04EC0-301F-11D3-BF4B-00C04F79EFBC}") = "dz 23.03", "dz 23.03\dz 23.03.csproj", "{3AD1ED35-2F7B-4108-919E-9D2A63B1DC14}"
EndProject
Global
	GlobalSection(SolutionConfigurationPlatforms) = preSolution
		Debug|Any CPU = Debug|Any CPU
		Release|Any CPU = Release|Any CPU
	EndGlobalSection
	GlobalSection(ProjectConfigurationPlatforms) = postSolution
		{3AD1ED35-2F7B-4108-919E-9D2A63B1DC14}.Debug|Any CPU.ActiveCfg = Debug|Any CPU
		{3AD1ED35-2F7B-4108-919E-9D2A63B1DC14}.Debug|Any CPU.Build.0 = Debug|Any CPU
		{3AD1ED35-2F7B-4108-919E-9D2A63B1DC14}.Release|Any CPU.ActiveCfg = Release|Any CPU
		{3AD1ED35-2F7B-4108-919E-9D2A63B1DC14}.Release|Any CPU.Build.0 = Release|Any CPU
	EndGlobalSection
	GlobalSection(SolutionProperties) = preSolution
		HideSolutionNode = FALSE
	EndGlobalSection
	GlobalSection(ExtensibilityGlobals) = postSolution
		SolutionGuid = {2B4AF34D-8504-44AD-A74C-B00FABF259A6}
	EndGlobalSection
EndGlobal
